
Microsoft Visual Studio Solution File, Format Version 12.00
# Visual Studio Version 17
VisualStudioVersion = 17.5.002.0
MinimumVisualStudioVersion = 10.0.40219.1
Project("{9A19103F-16F7-4668-BE54-9A1E7A4F7556}") = "TrilhaApiDesafio", "TrilhaApiDesafio.csproj", "{B3AA546B-3F18-4516-8A21-DAFC76406EBF}"
EndProject
Global
	GlobalSection(SolutionConfigurationPlatforms) = preSolution
		Debug|Any CPU = Debug|Any CPU
		Release|Any CPU = Release|Any CPU
	EndGlobalSection
	GlobalSection(ProjectConfigurationPlatforms) = postSolution
		{B3AA546B-3F18-4516-8A21-DAFC76406EBF}.Debug|Any CPU.ActiveCfg = Debug|Any CPU
		{B3AA546B-3F18-4516-8A21-DAFC76406EBF}.Debug|Any CPU.Build.0 = Debug|Any CPU
		{B3AA546B-3F18-4516-8A21-DAFC76406EBF}.Release|Any CPU.ActiveCfg = Release|Any CPU
		{B3AA546B-3F18-4516-8A21-DAFC76406EBF}.Release|Any CPU.Build.0 = Release|Any CPU
	EndGlobalSection
	GlobalSection(SolutionProperties) = preSolution
		HideSolutionNode = FALSE
	EndGlobalSection
	GlobalSection(ExtensibilityGlobals) = postSolution
		SolutionGuid = {D36E85D2-F4F5-4877-B39D-7FC7E7827A19}
	EndGlobalSection
EndGlobal
